// !$*UTF8*$!
{
	archiveVersion = 1;
	classes = {
	};
	objectVersion = 77;
	objects = {

/* Begin PBXBuildFile section */
		05FC12E8D3FA74F6B4A657B8 /* OnboardingFlow.swift in Sources */ = {isa = PBXBuildFile; fileRef = B99C6CB8AF8BD5464965C162 /* OnboardingFlow.swift */; };
		0868B5944EF7F2E05CAEEABD /* StoreDirections.swift in Sources */ = {isa = PBXBuildFile; fileRef = 14F4ABCC18B7416BA4E13EF5 /* StoreDirections.swift */; };
		0CD8E5664EA53D0FB2FEE253 /* ShopperStats.swift in Sources */ = {isa = PBXBuildFile; fileRef = 0B6177DDB775035FB051DAD6 /* ShopperStats.swift */; };
		159DB262AB1B4E9FC1376D5E /* Account.swift in Sources */ = {isa = PBXBuildFile; fileRef = 4E28133ACF05710EB0935DF3 /* Account.swift */; };
		15B790F0477BB144E84698A5 /* Store.swift in Sources */ = {isa = PBXBuildFile; fileRef = F0805416F4A0EBB255FFB627 /* Store.swift */; };
		1C11F1DBCA0F567C1442269D /* AppConfig.swift in Sources */ = {isa = PBXBuildFile; fileRef = 62DE0639BE302C03E9AF6ABF /* AppConfig.swift */; };
		1CF8F27983FDEB60744A4C01 /* StorePickerModelTests.swift in Sources */ = {isa = PBXBuildFile; fileRef = 1A244A07E9C46849C5BAE3C8 /* StorePickerModelTests.swift */; };
		1D293D134FD0A189F4DE131D /* Components.swift in Sources */ = {isa = PBXBuildFile; fileRef = 27AD420D9DA4F00D8D2F8E95 /* Components.swift */; };
		1FBC1F5288442ABEF0433DED /* APIClient.swift in Sources */ = {isa = PBXBuildFile; fileRef = 1EA8A8BFF660474A635C93F4 /* APIClient.swift */; };
		27BB0EB839677D1F5B115094 /* AppConfigTests.swift in Sources */ = {isa = PBXBuildFile; fileRef = 3F873B2DA2F116E6B4541BEC /* AppConfigTests.swift */; };
		27E0879DFF7814C5B975D58C /* OfflineMaps.swift in Sources */ = {isa = PBXBuildFile; fileRef = B676B52FF74DEA14D79E8926 /* OfflineMaps.swift */; };
		29E49EBF97F1D4BFE4392A45 /* StorePickerView.swift in Sources */ = {isa = PBXBuildFile; fileRef = 3DEE7D5DBFF5496EA378A386 /* StorePickerView.swift */; };
		2A8608DA99301C3D2998F603 /* SharedLists.swift in Sources */ = {isa = PBXBuildFile; fileRef = 6DCBCA75687A888BC6FDD55B /* SharedLists.swift */; };
		2DFB478671F2FCB2CB693899 /* PolishTests.swift in Sources */ = {isa = PBXBuildFile; fileRef = 9C8D794D2EF42CB61E31D9D4 /* PolishTests.swift */; };
		308C641B8137AF4A36A7C86D /* Assets.xcassets in Resources */ = {isa = PBXBuildFile; fileRef = 8072BF40B6C9F9F2B7B7E9AD /* Assets.xcassets */; };
		3618C647CD0C6133C13684DE /* StorePickerModel.swift in Sources */ = {isa = PBXBuildFile; fileRef = C6216022D79B9DE1C089A661 /* StorePickerModel.swift */; };
		364F5C4162973E8B889D6E76 /* WalkInLogo.swift in Sources */ = {isa = PBXBuildFile; fileRef = 4843D865E1C542A02A4E7B3E /* WalkInLogo.swift */; };
		38054A86D7E1D70C636BF4A8 /* StoreSelection.swift in Sources */ = {isa = PBXBuildFile; fileRef = C9C41E6EC7BC762F86774E2C /* StoreSelection.swift */; };
		39B0A9DDFEDACF8669581435 /* OfflineMapsTests.swift in Sources */ = {isa = PBXBuildFile; fileRef = 34D1C3CDD2308D8D6023AE61 /* OfflineMapsTests.swift */; };
		481CF8857F601AA3BCD03D8E /* RemoteAuthService.swift in Sources */ = {isa = PBXBuildFile; fileRef = 3F1FAAA21BC068E13516AE78 /* RemoteAuthService.swift */; };
		4B3D8C22EEAF139C4D6A57DE /* SearchResultCard.swift in Sources */ = {isa = PBXBuildFile; fileRef = CE4F13834561189FFE9147DE /* SearchResultCard.swift */; };
		4F6CC080E74E25FE089AF249 /* ShoppingTripTests.swift in Sources */ = {isa = PBXBuildFile; fileRef = B5145D20DA405E1996DD1F3D /* ShoppingTripTests.swift */; };
		5ACE4B9EC16AA2E5AD7434D4 /* DeviceIdentity.swift in Sources */ = {isa = PBXBuildFile; fileRef = C6B6020C56B5DF292D6E7D4E /* DeviceIdentity.swift */; };
		5ACF238140B9DDE56FE153F3 /* ShoppingModeView.swift in Sources */ = {isa = PBXBuildFile; fileRef = 246C0B69B3F61F328740F91F /* ShoppingModeView.swift */; };
		5D2C0505FE80FEA9B8C14D48 /* StoreSelectionTests.swift in Sources */ = {isa = PBXBuildFile; fileRef = 8E6452CE56BAD03E0834263E /* StoreSelectionTests.swift */; };
		5D8635D9F77B8E2152CB998A /* ShoppingList.swift in Sources */ = {isa = PBXBuildFile; fileRef = 5F34F9C2719C1FB102927590 /* ShoppingList.swift */; };
		5EBED4D197E5A4EBAD9DC51C /* PlusViews.swift in Sources */ = {isa = PBXBuildFile; fileRef = FC67A4D579579373CED54185 /* PlusViews.swift */; };
		6307DD9A3EDCA4A1F547A86B /* Feedback.swift in Sources */ = {isa = PBXBuildFile; fileRef = D013BA53FADF2AB56FCA7D95 /* Feedback.swift */; };
		6835AEEB38AD979368C5AB7D /* MemberActivity.swift in Sources */ = {isa = PBXBuildFile; fileRef = 578DE87EE9D1C26D8DF5BC97 /* MemberActivity.swift */; };
		6D55C93158E8BB9A076EFA62 /* ShoppingListTests.swift in Sources */ = {isa = PBXBuildFile; fileRef = CA92FEBC6C187376090D1B60 /* ShoppingListTests.swift */; };
		6FA41AB5A696FEBA3B6D4A50 /* LiveOnboarding.swift in Sources */ = {isa = PBXBuildFile; fileRef = 496BBC47AF11D1538DE838C7 /* LiveOnboarding.swift */; };
		700677C23C091E32EBFABB43 /* AdaptiveStack.swift in Sources */ = {isa = PBXBuildFile; fileRef = FE9FE08311669988290AB5A0 /* AdaptiveStack.swift */; };
		70DD8615B5FDDF6F0104BEA2 /* SearchingView.swift in Sources */ = {isa = PBXBuildFile; fileRef = 277896E81622D909B66024E0 /* SearchingView.swift */; };
		712081617B6BA93FF828789A /* TripStoresSheet.swift in Sources */ = {isa = PBXBuildFile; fileRef = 22288B5DF451567DC01A8355 /* TripStoresSheet.swift */; };
		71FE1726CB1EAEF52A8282B6 /* SignUpTests.swift in Sources */ = {isa = PBXBuildFile; fileRef = 207430DA22AED8FD50091409 /* SignUpTests.swift */; };
		727566013F7D8FEE1817F9DF /* StoreMapView.swift in Sources */ = {isa = PBXBuildFile; fileRef = 69159DBA44C337CCEF9BDCF2 /* StoreMapView.swift */; };
		7279D46DDD29BC46B14AD3AF /* AisleApp.swift in Sources */ = {isa = PBXBuildFile; fileRef = 6470DDB95F2D49F70C7251AD /* AisleApp.swift */; };
		738E7DD65402B6F914B1110D /* Theme.swift in Sources */ = {isa = PBXBuildFile; fileRef = 327AC850D80060DC07A58341 /* Theme.swift */; };
		763D77EA551898D70D72C44A /* YouView.swift in Sources */ = {isa = PBXBuildFile; fileRef = 26428039EFD4FC4E3023FFCF /* YouView.swift */; };
		790E90D0AC7C2C3848D3A993 /* PlusStore.swift in Sources */ = {isa = PBXBuildFile; fileRef = 9F15E3A9B2B74D695D67A224 /* PlusStore.swift */; };
		7E1D3D2557C7F2F7413F2C20 /* Geist-Bold.ttf in Resources */ = {isa = PBXBuildFile; fileRef = DF43A2FC5DB139B6419BA211 /* Geist-Bold.ttf */; };
		80E939493C56D0825C7991C0 /* ItemSearchTests.swift in Sources */ = {isa = PBXBuildFile; fileRef = E2710CE8DFA4696F6750EE7A /* ItemSearchTests.swift */; };
		85DCE88F7D6A33412322962B /* Geist-Medium.ttf in Resources */ = {isa = PBXBuildFile; fileRef = F4C6125E1AC53F27D7DB3122 /* Geist-Medium.ttf */; };
		89959A26C4D55B8332E66A29 /* ShoppingListView.swift in Sources */ = {isa = PBXBuildFile; fileRef = 4295092DC67F0FAF0166F7DA /* ShoppingListView.swift */; };
		8AA15C7072003E418933C59E /* StoreWayView.swift in Sources */ = {isa = PBXBuildFile; fileRef = EBCF27CF84FED0318884960D /* StoreWayView.swift */; };
		8E84D080A6FBED7E78D05D50 /* StoreLayout.swift in Sources */ = {isa = PBXBuildFile; fileRef = C9F46A2180D9CDDF7F1BF5B3 /* StoreLayout.swift */; };
		9123D3FA51940A018E770562 /* AccountAPI.swift in Sources */ = {isa = PBXBuildFile; fileRef = C191B72489E41A4FAC046896 /* AccountAPI.swift */; };
		92EC0E9101DF99A6BCD7CF92 /* TokenStore.swift in Sources */ = {isa = PBXBuildFile; fileRef = AF3EB0DBCA680EB6C9E92331 /* TokenStore.swift */; };
		97794A08EF311AE5CCB6C4C1 /* LocationProvider.swift in Sources */ = {isa = PBXBuildFile; fileRef = ADDA028F2F6A589486F37BCD /* LocationProvider.swift */; };
		9D2E919CE99A27853EB7AADD /* Chat.swift in Sources */ = {isa = PBXBuildFile; fileRef = BB9E64F0AE164ADA01052D9F /* Chat.swift */; };
		A7B8720D41ED741D3BB76D31 /* ShoppingListStore.swift in Sources */ = {isa = PBXBuildFile; fileRef = 4F551FDCD24FEF4163ED9E8A /* ShoppingListStore.swift */; };
		A7E1151289987C158655821A /* HomeExtras.swift in Sources */ = {isa = PBXBuildFile; fileRef = 7E7DF89169128F720E6B0665 /* HomeExtras.swift */; };
		A90CB1913D811862FED3E5AA /* APIClientTests.swift in Sources */ = {isa = PBXBuildFile; fileRef = 213EE7135209C2740A08F7EC /* APIClientTests.swift */; };
		AE8870295D3EBF53057C8ABC /* Geist-SemiBold.ttf in Resources */ = {isa = PBXBuildFile; fileRef = FDC36B0007068675A9412E92 /* Geist-SemiBold.ttf */; };
		B0F19623F2B12E54076048F2 /* Geist-Regular.ttf in Resources */ = {isa = PBXBuildFile; fileRef = 1EFBDA882BA0042549AB325F /* Geist-Regular.ttf */; };
		B31B01FC69DA7F010153FF0A /* SignUpSteps.swift in Sources */ = {isa = PBXBuildFile; fileRef = 48FE9F68E0B7552531D0D01B /* SignUpSteps.swift */; };
		B3946AE5F2A4078DA484597D /* RootView.swift in Sources */ = {isa = PBXBuildFile; fileRef = 74F5FDC7F39A54D032248234 /* RootView.swift */; };
		BC9F0DA30EC4D22C3665ACE1 /* FeedbackViews.swift in Sources */ = {isa = PBXBuildFile; fileRef = C86E6E8C381F6BDBCA9E0805 /* FeedbackViews.swift */; };
		BEA01E7B5BBE39A7758D354A /* ShoppingTripModel.swift in Sources */ = {isa = PBXBuildFile; fileRef = DDE7419EB2F6E6940BFF3E1A /* ShoppingTripModel.swift */; };
		C391ACD1FF697AD66C3C126A /* TestSupport.swift in Sources */ = {isa = PBXBuildFile; fileRef = ABB2DBC3C15E5E57C3A76464 /* TestSupport.swift */; };
		C6C7BF9D14B046FF82CA31DF /* HealthResponse.swift in Sources */ = {isa = PBXBuildFile; fileRef = CAE10BD9BB063D1B70E12C65 /* HealthResponse.swift */; };
		CA6DA4E9F57439A98861270D /* RecentSearches.swift in Sources */ = {isa = PBXBuildFile; fileRef = 86B371EFE8FBC1EC87453EDF /* RecentSearches.swift */; };
		CB34D035D4275BBC8D5B9689 /* Geist-OFL.txt in Resources */ = {isa = PBXBuildFile; fileRef = B5DF99D4E4C76377B3143E44 /* Geist-OFL.txt */; };
		D07C52F967B4E3907957F9F5 /* Analytics.swift in Sources */ = {isa = PBXBuildFile; fileRef = 9C6BE6461AED2D5FE72E6E32 /* Analytics.swift */; };
		D6616CAAB960A9619FE58BD8 /* HealthMonitor.swift in Sources */ = {isa = PBXBuildFile; fileRef = BABBC9C1CA447BB929731BDC /* HealthMonitor.swift */; };
		D8011A3B26DC8779B4AF4494 /* DecodingTests.swift in Sources */ = {isa = PBXBuildFile; fileRef = AEA7188DFFF4134CEB8270FC /* DecodingTests.swift */; };
		E40DE0670371B4AC9D8E1AF5 /* ListSharingViews.swift in Sources */ = {isa = PBXBuildFile; fileRef = 1C7E407880AFD8F8823A9A69 /* ListSharingViews.swift */; };
		EC977C9F37E37640397841CE /* FloorPlanView.swift in Sources */ = {isa = PBXBuildFile; fileRef = 6890C6FCE562CB102453008A /* FloorPlanView.swift */; };
		F4E2826F6D20F85EBBE94F96 /* CameraSheet.swift in Sources */ = {isa = PBXBuildFile; fileRef = F5A3B0C2147E6BCCE122221E /* CameraSheet.swift */; };
		F59D0BB4186A6D378ADFEDE0 /* FindModel.swift in Sources */ = {isa = PBXBuildFile; fileRef = DBAA09BB87453751AED5AF8A /* FindModel.swift */; };
		FCC5FF0150AE423C10419E01 /* Route.swift in Sources */ = {isa = PBXBuildFile; fileRef = B4675725F0CCE03110D782AB /* Route.swift */; };
		FD061C1F726001F4D851AE4C /* ItemSearch.swift in Sources */ = {isa = PBXBuildFile; fileRef = FB59E9020541E01FE841D412 /* ItemSearch.swift */; };
		FD73A0DB5B9B81EF956C1442 /* FindView.swift in Sources */ = {isa = PBXBuildFile; fileRef = E01BF4868F5ACAD524393D32 /* FindView.swift */; };
		FDD5013560706C1ABEF85881 /* FeedbackTests.swift in Sources */ = {isa = PBXBuildFile; fileRef = 8C1FC1D0092199083C278E19 /* FeedbackTests.swift */; };
		FE32297B9491CD09365C4F0D /* AccountFlow.swift in Sources */ = {isa = PBXBuildFile; fileRef = F24864019C6AC609101CD5EE /* AccountFlow.swift */; };
/* End PBXBuildFile section */

/* Begin PBXContainerItemProxy section */
		556A626B9B9FD96732D58891 /* PBXContainerItemProxy */ = {
			isa = PBXContainerItemProxy;
			containerPortal = ED0D52D10E16807AA8107B46 /* Project object */;
			proxyType = 1;
			remoteGlobalIDString = 617A58382A1E92704C1E14FC;
			remoteInfo = Aisle;
		};
/* End PBXContainerItemProxy section */

/* Begin PBXFileReference section */
		02E7A088040A8D4C88097DFB /* Aisle.storekit */ = {isa = PBXFileReference; path = Aisle.storekit; sourceTree = "<group>"; };
		0B6177DDB775035FB051DAD6 /* ShopperStats.swift */ = {isa = PBXFileReference; lastKnownFileType = sourcecode.swift; path = ShopperStats.swift; sourceTree = "<group>"; };
		14F4ABCC18B7416BA4E13EF5 /* StoreDirections.swift */ = {isa = PBXFileReference; lastKnownFileType = sourcecode.swift; path = StoreDirections.swift; sourceTree = "<group>"; };
		1A244A07E9C46849C5BAE3C8 /* StorePickerModelTests.swift */ = {isa = PBXFileReference; lastKnownFileType = sourcecode.swift; path = StorePickerModelTests.swift; sourceTree = "<group>"; };
		1C7E407880AFD8F8823A9A69 /* ListSharingViews.swift */ = {isa = PBXFileReference; lastKnownFileType = sourcecode.swift; path = ListSharingViews.swift; sourceTree = "<group>"; };
		1EA8A8BFF660474A635C93F4 /* APIClient.swift */ = {isa = PBXFileReference; lastKnownFileType = sourcecode.swift; path = APIClient.swift; sourceTree = "<group>"; };
		1EFBDA882BA0042549AB325F /* Geist-Regular.ttf */ = {isa = PBXFileReference; lastKnownFileType = file; path = "Geist-Regular.ttf"; sourceTree = "<group>"; };
		1F0F01B66F7546CB39F575F8 /* Aisle.app */ = {isa = PBXFileReference; includeInIndex = 0; lastKnownFileType = wrapper.application; path = Aisle.app; sourceTree = BUILT_PRODUCTS_DIR; };
		207430DA22AED8FD50091409 /* SignUpTests.swift */ = {isa = PBXFileReference; lastKnownFileType = sourcecode.swift; path = SignUpTests.swift; sourceTree = "<group>"; };
		213EE7135209C2740A08F7EC /* APIClientTests.swift */ = {isa = PBXFileReference; lastKnownFileType = sourcecode.swift; path = APIClientTests.swift; sourceTree = "<group>"; };
		22288B5DF451567DC01A8355 /* TripStoresSheet.swift */ = {isa = PBXFileReference; lastKnownFileType = sourcecode.swift; path = TripStoresSheet.swift; sourceTree = "<group>"; };
		246C0B69B3F61F328740F91F /* ShoppingModeView.swift */ = {isa = PBXFileReference; lastKnownFileType = sourcecode.swift; path = ShoppingModeView.swift; sourceTree = "<group>"; };
		26428039EFD4FC4E3023FFCF /* YouView.swift */ = {isa = PBXFileReference; lastKnownFileType = sourcecode.swift; path = YouView.swift; sourceTree = "<group>"; };
		277896E81622D909B66024E0 /* SearchingView.swift */ = {isa = PBXFileReference; lastKnownFileType = sourcecode.swift; path = SearchingView.swift; sourceTree = "<group>"; };
		27AD420D9DA4F00D8D2F8E95 /* Components.swift */ = {isa = PBXFileReference; lastKnownFileType = sourcecode.swift; path = Components.swift; sourceTree = "<group>"; };
		327AC850D80060DC07A58341 /* Theme.swift */ = {isa = PBXFileReference; lastKnownFileType = sourcecode.swift; path = Theme.swift; sourceTree = "<group>"; };
		34D1C3CDD2308D8D6023AE61 /* OfflineMapsTests.swift */ = {isa = PBXFileReference; lastKnownFileType = sourcecode.swift; path = OfflineMapsTests.swift; sourceTree = "<group>"; };
		3DEE7D5DBFF5496EA378A386 /* StorePickerView.swift */ = {isa = PBXFileReference; lastKnownFileType = sourcecode.swift; path = StorePickerView.swift; sourceTree = "<group>"; };
		3F1FAAA21BC068E13516AE78 /* RemoteAuthService.swift */ = {isa = PBXFileReference; lastKnownFileType = sourcecode.swift; path = RemoteAuthService.swift; sourceTree = "<group>"; };
		3F873B2DA2F116E6B4541BEC /* AppConfigTests.swift */ = {isa = PBXFileReference; lastKnownFileType = sourcecode.swift; path = AppConfigTests.swift; sourceTree = "<group>"; };
		4295092DC67F0FAF0166F7DA /* ShoppingListView.swift */ = {isa = PBXFileReference; lastKnownFileType = sourcecode.swift; path = ShoppingListView.swift; sourceTree = "<group>"; };
		4843D865E1C542A02A4E7B3E /* WalkInLogo.swift */ = {isa = PBXFileReference; lastKnownFileType = sourcecode.swift; path = WalkInLogo.swift; sourceTree = "<group>"; };
		48FE9F68E0B7552531D0D01B /* SignUpSteps.swift */ = {isa = PBXFileReference; lastKnownFileType = sourcecode.swift; path = SignUpSteps.swift; sourceTree = "<group>"; };
		496BBC47AF11D1538DE838C7 /* LiveOnboarding.swift */ = {isa = PBXFileReference; lastKnownFileType = sourcecode.swift; path = LiveOnboarding.swift; sourceTree = "<group>"; };
		4E28133ACF05710EB0935DF3 /* Account.swift */ = {isa = PBXFileReference; lastKnownFileType = sourcecode.swift; path = Account.swift; sourceTree = "<group>"; };
		4F551FDCD24FEF4163ED9E8A /* ShoppingListStore.swift */ = {isa = PBXFileReference; lastKnownFileType = sourcecode.swift; path = ShoppingListStore.swift; sourceTree = "<group>"; };
		578DE87EE9D1C26D8DF5BC97 /* MemberActivity.swift */ = {isa = PBXFileReference; lastKnownFileType = sourcecode.swift; path = MemberActivity.swift; sourceTree = "<group>"; };
		5F34F9C2719C1FB102927590 /* ShoppingList.swift */ = {isa = PBXFileReference; lastKnownFileType = sourcecode.swift; path = ShoppingList.swift; sourceTree = "<group>"; };
		62DE0639BE302C03E9AF6ABF /* AppConfig.swift */ = {isa = PBXFileReference; lastKnownFileType = sourcecode.swift; path = AppConfig.swift; sourceTree = "<group>"; };
		6470DDB95F2D49F70C7251AD /* AisleApp.swift */ = {isa = PBXFileReference; lastKnownFileType = sourcecode.swift; path = AisleApp.swift; sourceTree = "<group>"; };
		6890C6FCE562CB102453008A /* FloorPlanView.swift */ = {isa = PBXFileReference; lastKnownFileType = sourcecode.swift; path = FloorPlanView.swift; sourceTree = "<group>"; };
		69159DBA44C337CCEF9BDCF2 /* StoreMapView.swift */ = {isa = PBXFileReference; lastKnownFileType = sourcecode.swift; path = StoreMapView.swift; sourceTree = "<group>"; };
		6DCBCA75687A888BC6FDD55B /* SharedLists.swift */ = {isa = PBXFileReference; lastKnownFileType = sourcecode.swift; path = SharedLists.swift; sourceTree = "<group>"; };
		74F5FDC7F39A54D032248234 /* RootView.swift */ = {isa = PBXFileReference; lastKnownFileType = sourcecode.swift; path = RootView.swift; sourceTree = "<group>"; };
		7CD9378708A70710560FD89A /* AisleTests.xctest */ = {isa = PBXFileReference; includeInIndex = 0; lastKnownFileType = wrapper.cfbundle; path = AisleTests.xctest; sourceTree = BUILT_PRODUCTS_DIR; };
		7E7DF89169128F720E6B0665 /* HomeExtras.swift */ = {isa = PBXFileReference; lastKnownFileType = sourcecode.swift; path = HomeExtras.swift; sourceTree = "<group>"; };
		8072BF40B6C9F9F2B7B7E9AD /* Assets.xcassets */ = {isa = PBXFileReference; lastKnownFileType = folder.assetcatalog; path = Assets.xcassets; sourceTree = "<group>"; };
		86B371EFE8FBC1EC87453EDF /* RecentSearches.swift */ = {isa = PBXFileReference; lastKnownFileType = sourcecode.swift; path = RecentSearches.swift; sourceTree = "<group>"; };
		8C1FC1D0092199083C278E19 /* FeedbackTests.swift */ = {isa = PBXFileReference; lastKnownFileType = sourcecode.swift; path = FeedbackTests.swift; sourceTree = "<group>"; };
		8E6452CE56BAD03E0834263E /* StoreSelectionTests.swift */ = {isa = PBXFileReference; lastKnownFileType = sourcecode.swift; path = StoreSelectionTests.swift; sourceTree = "<group>"; };
		9C6BE6461AED2D5FE72E6E32 /* Analytics.swift */ = {isa = PBXFileReference; lastKnownFileType = sourcecode.swift; path = Analytics.swift; sourceTree = "<group>"; };
		9C8D794D2EF42CB61E31D9D4 /* PolishTests.swift */ = {isa = PBXFileReference; lastKnownFileType = sourcecode.swift; path = PolishTests.swift; sourceTree = "<group>"; };
		9F15E3A9B2B74D695D67A224 /* PlusStore.swift */ = {isa = PBXFileReference; lastKnownFileType = sourcecode.swift; path = PlusStore.swift; sourceTree = "<group>"; };
		ABB2DBC3C15E5E57C3A76464 /* TestSupport.swift */ = {isa = PBXFileReference; lastKnownFileType = sourcecode.swift; path = TestSupport.swift; sourceTree = "<group>"; };
		ADDA028F2F6A589486F37BCD /* LocationProvider.swift */ = {isa = PBXFileReference; lastKnownFileType = sourcecode.swift; path = LocationProvider.swift; sourceTree = "<group>"; };
		AEA7188DFFF4134CEB8270FC /* DecodingTests.swift */ = {isa = PBXFileReference; lastKnownFileType = sourcecode.swift; path = DecodingTests.swift; sourceTree = "<group>"; };
		AF3EB0DBCA680EB6C9E92331 /* TokenStore.swift */ = {isa = PBXFileReference; lastKnownFileType = sourcecode.swift; path = TokenStore.swift; sourceTree = "<group>"; };
		B32D78E8C418750BEB4D5633 /* Info.plist */ = {isa = PBXFileReference; lastKnownFileType = text.plist; path = Info.plist; sourceTree = "<group>"; };
		B4675725F0CCE03110D782AB /* Route.swift */ = {isa = PBXFileReference; lastKnownFileType = sourcecode.swift; path = Route.swift; sourceTree = "<group>"; };
		B5145D20DA405E1996DD1F3D /* ShoppingTripTests.swift */ = {isa = PBXFileReference; lastKnownFileType = sourcecode.swift; path = ShoppingTripTests.swift; sourceTree = "<group>"; };
		B5DF99D4E4C76377B3143E44 /* Geist-OFL.txt */ = {isa = PBXFileReference; lastKnownFileType = text; path = "Geist-OFL.txt"; sourceTree = "<group>"; };
		B676B52FF74DEA14D79E8926 /* OfflineMaps.swift */ = {isa = PBXFileReference; lastKnownFileType = sourcecode.swift; path = OfflineMaps.swift; sourceTree = "<group>"; };
		B99C6CB8AF8BD5464965C162 /* OnboardingFlow.swift */ = {isa = PBXFileReference; lastKnownFileType = sourcecode.swift; path = OnboardingFlow.swift; sourceTree = "<group>"; };
		BABBC9C1CA447BB929731BDC /* HealthMonitor.swift */ = {isa = PBXFileReference; lastKnownFileType = sourcecode.swift; path = HealthMonitor.swift; sourceTree = "<group>"; };
		BB9E64F0AE164ADA01052D9F /* Chat.swift */ = {isa = PBXFileReference; lastKnownFileType = sourcecode.swift; path = Chat.swift; sourceTree = "<group>"; };
		C191B72489E41A4FAC046896 /* AccountAPI.swift */ = {isa = PBXFileReference; lastKnownFileType = sourcecode.swift; path = AccountAPI.swift; sourceTree = "<group>"; };
		C6216022D79B9DE1C089A661 /* StorePickerModel.swift */ = {isa = PBXFileReference; lastKnownFileType = sourcecode.swift; path = StorePickerModel.swift; sourceTree = "<group>"; };
		C6B6020C56B5DF292D6E7D4E /* DeviceIdentity.swift */ = {isa = PBXFileReference; lastKnownFileType = sourcecode.swift; path = DeviceIdentity.swift; sourceTree = "<group>"; };
		C86E6E8C381F6BDBCA9E0805 /* FeedbackViews.swift */ = {isa = PBXFileReference; lastKnownFileType = sourcecode.swift; path = FeedbackViews.swift; sourceTree = "<group>"; };
		C9C41E6EC7BC762F86774E2C /* StoreSelection.swift */ = {isa = PBXFileReference; lastKnownFileType = sourcecode.swift; path = StoreSelection.swift; sourceTree = "<group>"; };
		C9F46A2180D9CDDF7F1BF5B3 /* StoreLayout.swift */ = {isa = PBXFileReference; lastKnownFileType = sourcecode.swift; path = StoreLayout.swift; sourceTree = "<group>"; };
		CA697C063F5ED62EF84BDB3C /* Aisle.entitlements */ = {isa = PBXFileReference; lastKnownFileType = text.plist.entitlements; path = Aisle.entitlements; sourceTree = "<group>"; };
		CA92FEBC6C187376090D1B60 /* ShoppingListTests.swift */ = {isa = PBXFileReference; lastKnownFileType = sourcecode.swift; path = ShoppingListTests.swift; sourceTree = "<group>"; };
		CAE10BD9BB063D1B70E12C65 /* HealthResponse.swift */ = {isa = PBXFileReference; lastKnownFileType = sourcecode.swift; path = HealthResponse.swift; sourceTree = "<group>"; };
		CE4F13834561189FFE9147DE /* SearchResultCard.swift */ = {isa = PBXFileReference; lastKnownFileType = sourcecode.swift; path = SearchResultCard.swift; sourceTree = "<group>"; };
		D013BA53FADF2AB56FCA7D95 /* Feedback.swift */ = {isa = PBXFileReference; lastKnownFileType = sourcecode.swift; path = Feedback.swift; sourceTree = "<group>"; };
		DBAA09BB87453751AED5AF8A /* FindModel.swift */ = {isa = PBXFileReference; lastKnownFileType = sourcecode.swift; path = FindModel.swift; sourceTree = "<group>"; };
		DDE7419EB2F6E6940BFF3E1A /* ShoppingTripModel.swift */ = {isa = PBXFileReference; lastKnownFileType = sourcecode.swift; path = ShoppingTripModel.swift; sourceTree = "<group>"; };
		DEEB1DAAB2673235DF50AE20 /* Debug.xcconfig */ = {isa = PBXFileReference; lastKnownFileType = text.xcconfig; path = Debug.xcconfig; sourceTree = "<group>"; };
		DF43A2FC5DB139B6419BA211 /* Geist-Bold.ttf */ = {isa = PBXFileReference; lastKnownFileType = file; path = "Geist-Bold.ttf"; sourceTree = "<group>"; };
		E01BF4868F5ACAD524393D32 /* FindView.swift */ = {isa = PBXFileReference; lastKnownFileType = sourcecode.swift; path = FindView.swift; sourceTree = "<group>"; };
		E2710CE8DFA4696F6750EE7A /* ItemSearchTests.swift */ = {isa = PBXFileReference; lastKnownFileType = sourcecode.swift; path = ItemSearchTests.swift; sourceTree = "<group>"; };
		EBCF27CF84FED0318884960D /* StoreWayView.swift */ = {isa = PBXFileReference; lastKnownFileType = sourcecode.swift; path = StoreWayView.swift; sourceTree = "<group>"; };
		F0805416F4A0EBB255FFB627 /* Store.swift */ = {isa = PBXFileReference; lastKnownFileType = sourcecode.swift; path = Store.swift; sourceTree = "<group>"; };
		F24864019C6AC609101CD5EE /* AccountFlow.swift */ = {isa = PBXFileReference; lastKnownFileType = sourcecode.swift; path = AccountFlow.swift; sourceTree = "<group>"; };
		F4C6125E1AC53F27D7DB3122 /* Geist-Medium.ttf */ = {isa = PBXFileReference; lastKnownFileType = file; path = "Geist-Medium.ttf"; sourceTree = "<group>"; };
		F5A3B0C2147E6BCCE122221E /* CameraSheet.swift */ = {isa = PBXFileReference; lastKnownFileType = sourcecode.swift; path = CameraSheet.swift; sourceTree = "<group>"; };
		FB59E9020541E01FE841D412 /* ItemSearch.swift */ = {isa = PBXFileReference; lastKnownFileType = sourcecode.swift; path = ItemSearch.swift; sourceTree = "<group>"; };
		FC67A4D579579373CED54185 /* PlusViews.swift */ = {isa = PBXFileReference; lastKnownFileType = sourcecode.swift; path = PlusViews.swift; sourceTree = "<group>"; };
		FDC36B0007068675A9412E92 /* Geist-SemiBold.ttf */ = {isa = PBXFileReference; lastKnownFileType = file; path = "Geist-SemiBold.ttf"; sourceTree = "<group>"; };
		FE9FE08311669988290AB5A0 /* AdaptiveStack.swift */ = {isa = PBXFileReference; lastKnownFileType = sourcecode.swift; path = AdaptiveStack.swift; sourceTree = "<group>"; };
/* End PBXFileReference section */

/* Begin PBXGroup section */
		078A76FCF37C12CD9C30D916 /* Networking */ = {
			isa = PBXGroup;
			children = (
				C191B72489E41A4FAC046896 /* AccountAPI.swift */,
				1EA8A8BFF660474A635C93F4 /* APIClient.swift */,
			);
			path = Networking;
			sourceTree = "<group>";
		};
		09157068C0BD81B4BBFB1A62 /* Aisle */ = {
			isa = PBXGroup;
			children = (
				CA697C063F5ED62EF84BDB3C /* Aisle.entitlements */,
				02E7A088040A8D4C88097DFB /* Aisle.storekit */,
				8072BF40B6C9F9F2B7B7E9AD /* Assets.xcassets */,
				B32D78E8C418750BEB4D5633 /* Info.plist */,
				A54E00E85B30F2DF6EB8C34A /* Account */,
				633BDF30001D967F2DE33C70 /* Analytics */,
				CED852A2506E430267926D14 /* App */,
				15691540B821C1D8B52EFFD1 /* Config */,
				0F4685A4FEFC48A0989998D2 /* Design */,
				9F3CF642282EF47A0BCCBF39 /* Features */,
				F88B0DE41B60F010EFD1C5ED /* Find */,
				4389A27BB43485694561B574 /* List */,
				B00E7830414CA75E1F0974AB /* Location */,
				BEA176D0F04181294C035C0D /* Models */,
				078A76FCF37C12CD9C30D916 /* Networking */,
				7EF5A7FFB6586F7B86C1D9FD /* Offline */,
				CE56FA61CF659134A74A7F42 /* Resources */,
				27D5E14948AFAE53CDABD6F9 /* Stores */,
			);
			path = Aisle;
			sourceTree = "<group>";
		};
		0F4685A4FEFC48A0989998D2 /* Design */ = {
			isa = PBXGroup;
			children = (
				27AD420D9DA4F00D8D2F8E95 /* Components.swift */,
				327AC850D80060DC07A58341 /* Theme.swift */,
			);
			path = Design;
			sourceTree = "<group>";
		};
		0F73C214918171DE8E0753ED /* List */ = {
			isa = PBXGroup;
			children = (
				1C7E407880AFD8F8823A9A69 /* ListSharingViews.swift */,
				4295092DC67F0FAF0166F7DA /* ShoppingListView.swift */,
			);
			path = List;
			sourceTree = "<group>";
		};
		0F9E0A14F29071222142CC12 /* Onboarding */ = {
			isa = PBXGroup;
			children = (
				F24864019C6AC609101CD5EE /* AccountFlow.swift */,
				496BBC47AF11D1538DE838C7 /* LiveOnboarding.swift */,
				B99C6CB8AF8BD5464965C162 /* OnboardingFlow.swift */,
				48FE9F68E0B7552531D0D01B /* SignUpSteps.swift */,
				4843D865E1C542A02A4E7B3E /* WalkInLogo.swift */,
			);
			path = Onboarding;
			sourceTree = "<group>";
		};
		15691540B821C1D8B52EFFD1 /* Config */ = {
			isa = PBXGroup;
			children = (
				62DE0639BE302C03E9AF6ABF /* AppConfig.swift */,
				C6B6020C56B5DF292D6E7D4E /* DeviceIdentity.swift */,
			);
			path = Config;
			sourceTree = "<group>";
		};
		1B90F5369D16982E4DCCC486 /* You */ = {
			isa = PBXGroup;
			children = (
				26428039EFD4FC4E3023FFCF /* YouView.swift */,
			);
			path = You;
			sourceTree = "<group>";
		};
		229D22A05AC8EE9867068DFD /* Plus */ = {
			isa = PBXGroup;
			children = (
				FC67A4D579579373CED54185 /* PlusViews.swift */,
			);
			path = Plus;
			sourceTree = "<group>";
		};
		27D5E14948AFAE53CDABD6F9 /* Stores */ = {
			isa = PBXGroup;
			children = (
				C6216022D79B9DE1C089A661 /* StorePickerModel.swift */,
				C9C41E6EC7BC762F86774E2C /* StoreSelection.swift */,
			);
			path = Stores;
			sourceTree = "<group>";
		};
		2E5D1970AF683D13E640669D /* Config */ = {
			isa = PBXGroup;
			children = (
				DEEB1DAAB2673235DF50AE20 /* Debug.xcconfig */,
			);
			path = Config;
			sourceTree = "<group>";
		};
		4389A27BB43485694561B574 /* List */ = {
			isa = PBXGroup;
			children = (
				4F551FDCD24FEF4163ED9E8A /* ShoppingListStore.swift */,
			);
			path = List;
			sourceTree = "<group>";
		};
		48F16AEFA2FA2AD2FC9989F9 = {
			isa = PBXGroup;
			children = (
				09157068C0BD81B4BBFB1A62 /* Aisle */,
				79254B9D677FD2C68CEF0D9C /* AisleTests */,
				2E5D1970AF683D13E640669D /* Config */,
				8B407815DB2988C767A002DC /* Products */,
			);
			sourceTree = "<group>";
		};
		633BDF30001D967F2DE33C70 /* Analytics */ = {
			isa = PBXGroup;
			children = (
				9C6BE6461AED2D5FE72E6E32 /* Analytics.swift */,
			);
			path = Analytics;
			sourceTree = "<group>";
		};
		7007368BF32B55E4E12BF44C /* Shared */ = {
			isa = PBXGroup;
			children = (
				FE9FE08311669988290AB5A0 /* AdaptiveStack.swift */,
				6890C6FCE562CB102453008A /* FloorPlanView.swift */,
				14F4ABCC18B7416BA4E13EF5 /* StoreDirections.swift */,
				69159DBA44C337CCEF9BDCF2 /* StoreMapView.swift */,
				EBCF27CF84FED0318884960D /* StoreWayView.swift */,
			);
			path = Shared;
			sourceTree = "<group>";
		};
		79254B9D677FD2C68CEF0D9C /* AisleTests */ = {
			isa = PBXGroup;
			children = (
				213EE7135209C2740A08F7EC /* APIClientTests.swift */,
				3F873B2DA2F116E6B4541BEC /* AppConfigTests.swift */,
				AEA7188DFFF4134CEB8270FC /* DecodingTests.swift */,
				8C1FC1D0092199083C278E19 /* FeedbackTests.swift */,
				E2710CE8DFA4696F6750EE7A /* ItemSearchTests.swift */,
				34D1C3CDD2308D8D6023AE61 /* OfflineMapsTests.swift */,
				9C8D794D2EF42CB61E31D9D4 /* PolishTests.swift */,
				CA92FEBC6C187376090D1B60 /* ShoppingListTests.swift */,
				B5145D20DA405E1996DD1F3D /* ShoppingTripTests.swift */,
				207430DA22AED8FD50091409 /* SignUpTests.swift */,
				1A244A07E9C46849C5BAE3C8 /* StorePickerModelTests.swift */,
				8E6452CE56BAD03E0834263E /* StoreSelectionTests.swift */,
				ABB2DBC3C15E5E57C3A76464 /* TestSupport.swift */,
			);
			path = AisleTests;
			sourceTree = "<group>";
		};
		7EF5A7FFB6586F7B86C1D9FD /* Offline */ = {
			isa = PBXGroup;
			children = (
				B676B52FF74DEA14D79E8926 /* OfflineMaps.swift */,
			);
			path = Offline;
			sourceTree = "<group>";
		};
		8B407815DB2988C767A002DC /* Products */ = {
			isa = PBXGroup;
			children = (
				1F0F01B66F7546CB39F575F8 /* Aisle.app */,
				7CD9378708A70710560FD89A /* AisleTests.xctest */,
			);
			name = Products;
			sourceTree = "<group>";
		};
		9A8C1EA4ACACE94BF66EEC19 /* Find */ = {
			isa = PBXGroup;
			children = (
				F5A3B0C2147E6BCCE122221E /* CameraSheet.swift */,
				C86E6E8C381F6BDBCA9E0805 /* FeedbackViews.swift */,
				DBAA09BB87453751AED5AF8A /* FindModel.swift */,
				E01BF4868F5ACAD524393D32 /* FindView.swift */,
				7E7DF89169128F720E6B0665 /* HomeExtras.swift */,
				277896E81622D909B66024E0 /* SearchingView.swift */,
				CE4F13834561189FFE9147DE /* SearchResultCard.swift */,
				3DEE7D5DBFF5496EA378A386 /* StorePickerView.swift */,
			);
			path = Find;
			sourceTree = "<group>";
		};
		9F3CF642282EF47A0BCCBF39 /* Features */ = {
			isa = PBXGroup;
			children = (
				9A8C1EA4ACACE94BF66EEC19 /* Find */,
				0F73C214918171DE8E0753ED /* List */,
				0F9E0A14F29071222142CC12 /* Onboarding */,
				229D22A05AC8EE9867068DFD /* Plus */,
				7007368BF32B55E4E12BF44C /* Shared */,
				FE7B0901AC674018078B829E /* Shopping */,
				1B90F5369D16982E4DCCC486 /* You */,
			);
			path = Features;
			sourceTree = "<group>";
		};
		A54E00E85B30F2DF6EB8C34A /* Account */ = {
			isa = PBXGroup;
			children = (
				4E28133ACF05710EB0935DF3 /* Account.swift */,
				578DE87EE9D1C26D8DF5BC97 /* MemberActivity.swift */,
				9F15E3A9B2B74D695D67A224 /* PlusStore.swift */,
				3F1FAAA21BC068E13516AE78 /* RemoteAuthService.swift */,
				0B6177DDB775035FB051DAD6 /* ShopperStats.swift */,
				AF3EB0DBCA680EB6C9E92331 /* TokenStore.swift */,
			);
			path = Account;
			sourceTree = "<group>";
		};
		B00E7830414CA75E1F0974AB /* Location */ = {
			isa = PBXGroup;
			children = (
				ADDA028F2F6A589486F37BCD /* LocationProvider.swift */,
			);
			path = Location;
			sourceTree = "<group>";
		};
		BEA176D0F04181294C035C0D /* Models */ = {
			isa = PBXGroup;
			children = (
				BB9E64F0AE164ADA01052D9F /* Chat.swift */,
				D013BA53FADF2AB56FCA7D95 /* Feedback.swift */,
				CAE10BD9BB063D1B70E12C65 /* HealthResponse.swift */,
				FB59E9020541E01FE841D412 /* ItemSearch.swift */,
				B4675725F0CCE03110D782AB /* Route.swift */,
				6DCBCA75687A888BC6FDD55B /* SharedLists.swift */,
				5F34F9C2719C1FB102927590 /* ShoppingList.swift */,
				F0805416F4A0EBB255FFB627 /* Store.swift */,
				C9F46A2180D9CDDF7F1BF5B3 /* StoreLayout.swift */,
			);
			path = Models;
			sourceTree = "<group>";
		};
		BF22768D941A2F6187F027CC /* Fonts */ = {
			isa = PBXGroup;
			children = (
				DF43A2FC5DB139B6419BA211 /* Geist-Bold.ttf */,
				F4C6125E1AC53F27D7DB3122 /* Geist-Medium.ttf */,
				B5DF99D4E4C76377B3143E44 /* Geist-OFL.txt */,
				1EFBDA882BA0042549AB325F /* Geist-Regular.ttf */,
				FDC36B0007068675A9412E92 /* Geist-SemiBold.ttf */,
			);
			path = Fonts;
			sourceTree = "<group>";
		};
		CE56FA61CF659134A74A7F42 /* Resources */ = {
			isa = PBXGroup;
			children = (
				BF22768D941A2F6187F027CC /* Fonts */,
			);
			path = Resources;
			sourceTree = "<group>";
		};
		CED852A2506E430267926D14 /* App */ = {
			isa = PBXGroup;
			children = (
				6470DDB95F2D49F70C7251AD /* AisleApp.swift */,
				BABBC9C1CA447BB929731BDC /* HealthMonitor.swift */,
				74F5FDC7F39A54D032248234 /* RootView.swift */,
			);
			path = App;
			sourceTree = "<group>";
		};
		F88B0DE41B60F010EFD1C5ED /* Find */ = {
			isa = PBXGroup;
			children = (
				86B371EFE8FBC1EC87453EDF /* RecentSearches.swift */,
			);
			path = Find;
			sourceTree = "<group>";
		};
		FE7B0901AC674018078B829E /* Shopping */ = {
			isa = PBXGroup;
			children = (
				246C0B69B3F61F328740F91F /* ShoppingModeView.swift */,
				DDE7419EB2F6E6940BFF3E1A /* ShoppingTripModel.swift */,
				22288B5DF451567DC01A8355 /* TripStoresSheet.swift */,
			);
			path = Shopping;
			sourceTree = "<group>";
		};
/* End PBXGroup section */

/* Begin PBXNativeTarget section */
		617A58382A1E92704C1E14FC /* Aisle */ = {
			isa = PBXNativeTarget;
			buildConfigurationList = F3AB02678589FDD52AAEB7D9 /* Build configuration list for PBXNativeTarget "Aisle" */;
			buildPhases = (
				AAF071400FE981485CB7B86A /* Sources */,
				8F54142B489C53A72304E3D8 /* Resources */,
			);
			buildRules = (
			);
			dependencies = (
			);
			name = Aisle;
			packageProductDependencies = (
			);
			productName = Aisle;
			productReference = 1F0F01B66F7546CB39F575F8 /* Aisle.app */;
			productType = "com.apple.product-type.application";
		};
		B1518B435A92870F12F036DE /* AisleTests */ = {
			isa = PBXNativeTarget;
			buildConfigurationList = D3C4784F97EA209A615E7D3E /* Build configuration list for PBXNativeTarget "AisleTests" */;
			buildPhases = (
				CF910A8AF86BAFF3CB4B6B0E /* Sources */,
			);
			buildRules = (
			);
			dependencies = (
				F729A6FFA27C05677086FBB7 /* PBXTargetDependency */,
			);
			name = AisleTests;
			packageProductDependencies = (
			);
			productName = AisleTests;
			productReference = 7CD9378708A70710560FD89A /* AisleTests.xctest */;
			productType = "com.apple.product-type.bundle.unit-test";
		};
/* End PBXNativeTarget section */

/* Begin PBXProject section */
		ED0D52D10E16807AA8107B46 /* Project object */ = {
			isa = PBXProject;
			attributes = {
				BuildIndependentTargetsInParallel = YES;
				LastUpgradeCheck = 1430;
				TargetAttributes = {
					617A58382A1E92704C1E14FC = {
						DevelopmentTeam = 983N58VUTZ;
						ProvisioningStyle = Automatic;
					};
				};
			};
			buildConfigurationList = ED725FCBE5B6C4A71C0AEA8E /* Build configuration list for PBXProject "Aisle" */;
			developmentRegion = en;
			hasScannedForEncodings = 0;
			knownRegions = (
				Base,
				en,
			);
			mainGroup = 48F16AEFA2FA2AD2FC9989F9;
			minimizedProjectReferenceProxies = 1;
			preferredProjectObjectVersion = 77;
			productRefGroup = 8B407815DB2988C767A002DC /* Products */;
			projectDirPath = "";
			projectRoot = "";
			targets = (
				617A58382A1E92704C1E14FC /* Aisle */,
				B1518B435A92870F12F036DE /* AisleTests */,
			);
		};
/* End PBXProject section */

/* Begin PBXResourcesBuildPhase section */
		8F54142B489C53A72304E3D8 /* Resources */ = {
			isa = PBXResourcesBuildPhase;
			buildActionMask = 2147483647;
			files = (
				308C641B8137AF4A36A7C86D /* Assets.xcassets in Resources */,
				7E1D3D2557C7F2F7413F2C20 /* Geist-Bold.ttf in Resources */,
				85DCE88F7D6A33412322962B /* Geist-Medium.ttf in Resources */,
				CB34D035D4275BBC8D5B9689 /* Geist-OFL.txt in Resources */,
				B0F19623F2B12E54076048F2 /* Geist-Regular.ttf in Resources */,
				AE8870295D3EBF53057C8ABC /* Geist-SemiBold.ttf in Resources */,
			);
			runOnlyForDeploymentPostprocessing = 0;
		};
/* End PBXResourcesBuildPhase section */

/* Begin PBXSourcesBuildPhase section */
		AAF071400FE981485CB7B86A /* Sources */ = {
			isa = PBXSourcesBuildPhase;
			buildActionMask = 2147483647;
			files = (
				1FBC1F5288442ABEF0433DED /* APIClient.swift in Sources */,
				159DB262AB1B4E9FC1376D5E /* Account.swift in Sources */,
				9123D3FA51940A018E770562 /* AccountAPI.swift in Sources */,
				FE32297B9491CD09365C4F0D /* AccountFlow.swift in Sources */,
				700677C23C091E32EBFABB43 /* AdaptiveStack.swift in Sources */,
				7279D46DDD29BC46B14AD3AF /* AisleApp.swift in Sources */,
				D07C52F967B4E3907957F9F5 /* Analytics.swift in Sources */,
				1C11F1DBCA0F567C1442269D /* AppConfig.swift in Sources */,
				F4E2826F6D20F85EBBE94F96 /* CameraSheet.swift in Sources */,
				9D2E919CE99A27853EB7AADD /* Chat.swift in Sources */,
				1D293D134FD0A189F4DE131D /* Components.swift in Sources */,
				5ACE4B9EC16AA2E5AD7434D4 /* DeviceIdentity.swift in Sources */,
				6307DD9A3EDCA4A1F547A86B /* Feedback.swift in Sources */,
				BC9F0DA30EC4D22C3665ACE1 /* FeedbackViews.swift in Sources */,
				F59D0BB4186A6D378ADFEDE0 /* FindModel.swift in Sources */,
				FD73A0DB5B9B81EF956C1442 /* FindView.swift in Sources */,
				EC977C9F37E37640397841CE /* FloorPlanView.swift in Sources */,
				D6616CAAB960A9619FE58BD8 /* HealthMonitor.swift in Sources */,
				C6C7BF9D14B046FF82CA31DF /* HealthResponse.swift in Sources */,
				A7E1151289987C158655821A /* HomeExtras.swift in Sources */,
				FD061C1F726001F4D851AE4C /* ItemSearch.swift in Sources */,
				E40DE0670371B4AC9D8E1AF5 /* ListSharingViews.swift in Sources */,
				6FA41AB5A696FEBA3B6D4A50 /* LiveOnboarding.swift in Sources */,
				97794A08EF311AE5CCB6C4C1 /* LocationProvider.swift in Sources */,
				6835AEEB38AD979368C5AB7D /* MemberActivity.swift in Sources */,
				27E0879DFF7814C5B975D58C /* OfflineMaps.swift in Sources */,
				05FC12E8D3FA74F6B4A657B8 /* OnboardingFlow.swift in Sources */,
				790E90D0AC7C2C3848D3A993 /* PlusStore.swift in Sources */,
				5EBED4D197E5A4EBAD9DC51C /* PlusViews.swift in Sources */,
				CA6DA4E9F57439A98861270D /* RecentSearches.swift in Sources */,
				481CF8857F601AA3BCD03D8E /* RemoteAuthService.swift in Sources */,
				B3946AE5F2A4078DA484597D /* RootView.swift in Sources */,
				FCC5FF0150AE423C10419E01 /* Route.swift in Sources */,
				4B3D8C22EEAF139C4D6A57DE /* SearchResultCard.swift in Sources */,
				70DD8615B5FDDF6F0104BEA2 /* SearchingView.swift in Sources */,
				2A8608DA99301C3D2998F603 /* SharedLists.swift in Sources */,
				0CD8E5664EA53D0FB2FEE253 /* ShopperStats.swift in Sources */,
				5D8635D9F77B8E2152CB998A /* ShoppingList.swift in Sources */,
				A7B8720D41ED741D3BB76D31 /* ShoppingListStore.swift in Sources */,
				89959A26C4D55B8332E66A29 /* ShoppingListView.swift in Sources */,
				5ACF238140B9DDE56FE153F3 /* ShoppingModeView.swift in Sources */,
				BEA01E7B5BBE39A7758D354A /* ShoppingTripModel.swift in Sources */,
				B31B01FC69DA7F010153FF0A /* SignUpSteps.swift in Sources */,
				15B790F0477BB144E84698A5 /* Store.swift in Sources */,
				0868B5944EF7F2E05CAEEABD /* StoreDirections.swift in Sources */,
				8E84D080A6FBED7E78D05D50 /* StoreLayout.swift in Sources */,
				727566013F7D8FEE1817F9DF /* StoreMapView.swift in Sources */,
				3618C647CD0C6133C13684DE /* StorePickerModel.swift in Sources */,
				29E49EBF97F1D4BFE4392A45 /* StorePickerView.swift in Sources */,
				38054A86D7E1D70C636BF4A8 /* StoreSelection.swift in Sources */,
				8AA15C7072003E418933C59E /* StoreWayView.swift in Sources */,
				738E7DD65402B6F914B1110D /* Theme.swift in Sources */,
				92EC0E9101DF99A6BCD7CF92 /* TokenStore.swift in Sources */,
				712081617B6BA93FF828789A /* TripStoresSheet.swift in Sources */,
				364F5C4162973E8B889D6E76 /* WalkInLogo.swift in Sources */,
				763D77EA551898D70D72C44A /* YouView.swift in Sources */,
			);
			runOnlyForDeploymentPostprocessing = 0;
		};
		CF910A8AF86BAFF3CB4B6B0E /* Sources */ = {
			isa = PBXSourcesBuildPhase;
			buildActionMask = 2147483647;
			files = (
				A90CB1913D811862FED3E5AA /* APIClientTests.swift in Sources */,
				27BB0EB839677D1F5B115094 /* AppConfigTests.swift in Sources */,
				D8011A3B26DC8779B4AF4494 /* DecodingTests.swift in Sources */,
				FDD5013560706C1ABEF85881 /* FeedbackTests.swift in Sources */,
				80E939493C56D0825C7991C0 /* ItemSearchTests.swift in Sources */,
				39B0A9DDFEDACF8669581435 /* OfflineMapsTests.swift in Sources */,
				2DFB478671F2FCB2CB693899 /* PolishTests.swift in Sources */,
				6D55C93158E8BB9A076EFA62 /* ShoppingListTests.swift in Sources */,
				4F6CC080E74E25FE089AF249 /* ShoppingTripTests.swift in Sources */,
				71FE1726CB1EAEF52A8282B6 /* SignUpTests.swift in Sources */,
				1CF8F27983FDEB60744A4C01 /* StorePickerModelTests.swift in Sources */,
				5D2C0505FE80FEA9B8C14D48 /* StoreSelectionTests.swift in Sources */,
				C391ACD1FF697AD66C3C126A /* TestSupport.swift in Sources */,
			);
			runOnlyForDeploymentPostprocessing = 0;
		};
/* End PBXSourcesBuildPhase section */

/* Begin PBXTargetDependency section */
		F729A6FFA27C05677086FBB7 /* PBXTargetDependency */ = {
			isa = PBXTargetDependency;
			target = 617A58382A1E92704C1E14FC /* Aisle */;
			targetProxy = 556A626B9B9FD96732D58891 /* PBXContainerItemProxy */;
		};
/* End PBXTargetDependency section */

/* Begin XCBuildConfiguration section */
		0D4406E792ECE6CD139CFA81 /* Release */ = {
			isa = XCBuildConfiguration;
			buildSettings = {
				AISLE_API_BASE_URL = "http://127.0.0.1:8000";
				AISLE_GOOGLE_CLIENT_ID = "192788314882-d6e46f6nv0nc8b00iaomfv57pgr65js9.apps.googleusercontent.com";
				ALWAYS_SEARCH_USER_PATHS = NO;
				CLANG_ANALYZER_NONNULL = YES;
				CLANG_ANALYZER_NUMBER_OBJECT_CONVERSION = YES_AGGRESSIVE;
				CLANG_CXX_LANGUAGE_STANDARD = "gnu++14";
				CLANG_CXX_LIBRARY = "libc++";
				CLANG_ENABLE_MODULES = YES;
				CLANG_ENABLE_OBJC_ARC = YES;
				CLANG_ENABLE_OBJC_WEAK = YES;
				CLANG_WARN_BLOCK_CAPTURE_AUTORELEASING = YES;
				CLANG_WARN_BOOL_CONVERSION = YES;
				CLANG_WARN_COMMA = YES;
				CLANG_WARN_CONSTANT_CONVERSION = YES;
				CLANG_WARN_DEPRECATED_OBJC_IMPLEMENTATIONS = YES;
				CLANG_WARN_DIRECT_OBJC_ISA_USAGE = YES_ERROR;
				CLANG_WARN_DOCUMENTATION_COMMENTS = YES;
				CLANG_WARN_EMPTY_BODY = YES;
				CLANG_WARN_ENUM_CONVERSION = YES;
				CLANG_WARN_INFINITE_RECURSION = YES;
				CLANG_WARN_INT_CONVERSION = YES;
				CLANG_WARN_NON_LITERAL_NULL_CONVERSION = YES;
				CLANG_WARN_OBJC_IMPLICIT_RETAIN_SELF = YES;
				CLANG_WARN_OBJC_LITERAL_CONVERSION = YES;
				CLANG_WARN_OBJC_ROOT_CLASS = YES_ERROR;
				CLANG_WARN_QUOTED_INCLUDE_IN_FRAMEWORK_HEADER = YES;
				CLANG_WARN_RANGE_LOOP_ANALYSIS = YES;
				CLANG_WARN_STRICT_PROTOTYPES = YES;
				CLANG_WARN_SUSPICIOUS_MOVE = YES;
				CLANG_WARN_UNGUARDED_AVAILABILITY = YES_AGGRESSIVE;
				CLANG_WARN_UNREACHABLE_CODE = YES;
				CLANG_WARN__DUPLICATE_METHOD_MATCH = YES;
				COPY_PHASE_STRIP = NO;
				CURRENT_PROJECT_VERSION = 1;
				DEBUG_INFORMATION_FORMAT = "dwarf-with-dsym";
				ENABLE_NS_ASSERTIONS = NO;
				ENABLE_STRICT_OBJC_MSGSEND = YES;
				GCC_C_LANGUAGE_STANDARD = gnu11;
				GCC_NO_COMMON_BLOCKS = YES;
				GCC_WARN_64_TO_32_BIT_CONVERSION = YES;
				GCC_WARN_ABOUT_RETURN_TYPE = YES_ERROR;
				GCC_WARN_UNDECLARED_SELECTOR = YES;
				GCC_WARN_UNINITIALIZED_AUTOS = YES_AGGRESSIVE;
				GCC_WARN_UNUSED_FUNCTION = YES;
				GCC_WARN_UNUSED_VARIABLE = YES;
				IPHONEOS_DEPLOYMENT_TARGET = 17.0;
				MARKETING_VERSION = 0.1.0;
				MTL_ENABLE_DEBUG_INFO = NO;
				MTL_FAST_MATH = YES;
				PRODUCT_NAME = "$(TARGET_NAME)";
				SDKROOT = iphoneos;
				SWIFT_COMPILATION_MODE = wholemodule;
				SWIFT_OPTIMIZATION_LEVEL = "-O";
				SWIFT_VERSION = 5.0;
			};
			name = Release;
		};
		0F3B02574C26F04BF0F6EBCF /* Debug */ = {
			isa = XCBuildConfiguration;
			buildSettings = {
				BUNDLE_LOADER = "$(TEST_HOST)";
				GENERATE_INFOPLIST_FILE = YES;
				LD_RUNPATH_SEARCH_PATHS = (
					"$(inherited)",
					"@executable_path/Frameworks",
					"@loader_path/Frameworks",
				);
				PRODUCT_BUNDLE_IDENTIFIER = app.shopaisle.aisleTests;
				SDKROOT = iphoneos;
				TARGETED_DEVICE_FAMILY = "1,2";
				TEST_HOST = "$(BUILT_PRODUCTS_DIR)/Aisle.app/Aisle";
			};
			name = Debug;
		};
		16E283A345D46C031C491A30 /* Debug */ = {
			isa = XCBuildConfiguration;
			buildSettings = {
				AISLE_API_BASE_URL = "http://127.0.0.1:8000";
				AISLE_GOOGLE_CLIENT_ID = "192788314882-d6e46f6nv0nc8b00iaomfv57pgr65js9.apps.googleusercontent.com";
				ALWAYS_SEARCH_USER_PATHS = NO;
				CLANG_ANALYZER_NONNULL = YES;
				CLANG_ANALYZER_NUMBER_OBJECT_CONVERSION = YES_AGGRESSIVE;
				CLANG_CXX_LANGUAGE_STANDARD = "gnu++14";
				CLANG_CXX_LIBRARY = "libc++";
				CLANG_ENABLE_MODULES = YES;
				CLANG_ENABLE_OBJC_ARC = YES;
				CLANG_ENABLE_OBJC_WEAK = YES;
				CLANG_WARN_BLOCK_CAPTURE_AUTORELEASING = YES;
				CLANG_WARN_BOOL_CONVERSION = YES;
				CLANG_WARN_COMMA = YES;
				CLANG_WARN_CONSTANT_CONVERSION = YES;
				CLANG_WARN_DEPRECATED_OBJC_IMPLEMENTATIONS = YES;
				CLANG_WARN_DIRECT_OBJC_ISA_USAGE = YES_ERROR;
				CLANG_WARN_DOCUMENTATION_COMMENTS = YES;
				CLANG_WARN_EMPTY_BODY = YES;
				CLANG_WARN_ENUM_CONVERSION = YES;
				CLANG_WARN_INFINITE_RECURSION = YES;
				CLANG_WARN_INT_CONVERSION = YES;
				CLANG_WARN_NON_LITERAL_NULL_CONVERSION = YES;
				CLANG_WARN_OBJC_IMPLICIT_RETAIN_SELF = YES;
				CLANG_WARN_OBJC_LITERAL_CONVERSION = YES;
				CLANG_WARN_OBJC_ROOT_CLASS = YES_ERROR;
				CLANG_WARN_QUOTED_INCLUDE_IN_FRAMEWORK_HEADER = YES;
				CLANG_WARN_RANGE_LOOP_ANALYSIS = YES;
				CLANG_WARN_STRICT_PROTOTYPES = YES;
				CLANG_WARN_SUSPICIOUS_MOVE = YES;
				CLANG_WARN_UNGUARDED_AVAILABILITY = YES_AGGRESSIVE;
				CLANG_WARN_UNREACHABLE_CODE = YES;
				CLANG_WARN__DUPLICATE_METHOD_MATCH = YES;
				COPY_PHASE_STRIP = NO;
				CURRENT_PROJECT_VERSION = 1;
				DEBUG_INFORMATION_FORMAT = dwarf;
				ENABLE_STRICT_OBJC_MSGSEND = YES;
				ENABLE_TESTABILITY = YES;
				GCC_C_LANGUAGE_STANDARD = gnu11;
				GCC_DYNAMIC_NO_PIC = NO;
				GCC_NO_COMMON_BLOCKS = YES;
				GCC_OPTIMIZATION_LEVEL = 0;
				GCC_PREPROCESSOR_DEFINITIONS = (
					"$(inherited)",
					"DEBUG=1",
				);
				GCC_WARN_64_TO_32_BIT_CONVERSION = YES;
				GCC_WARN_ABOUT_RETURN_TYPE = YES_ERROR;
				GCC_WARN_UNDECLARED_SELECTOR = YES;
				GCC_WARN_UNINITIALIZED_AUTOS = YES_AGGRESSIVE;
				GCC_WARN_UNUSED_FUNCTION = YES;
				GCC_WARN_UNUSED_VARIABLE = YES;
				IPHONEOS_DEPLOYMENT_TARGET = 17.0;
				MARKETING_VERSION = 0.1.0;
				MTL_ENABLE_DEBUG_INFO = INCLUDE_SOURCE;
				MTL_FAST_MATH = YES;
				ONLY_ACTIVE_ARCH = YES;
				PRODUCT_NAME = "$(TARGET_NAME)";
				SDKROOT = iphoneos;
				SWIFT_ACTIVE_COMPILATION_CONDITIONS = DEBUG;
				SWIFT_OPTIMIZATION_LEVEL = "-Onone";
				SWIFT_VERSION = 5.0;
			};
			name = Debug;
		};
		6F474F6DD2C890AE9BEB5F3A /* Debug */ = {
			isa = XCBuildConfiguration;
			baseConfigurationReference = DEEB1DAAB2673235DF50AE20 /* Debug.xcconfig */;
			buildSettings = {
				ASSETCATALOG_COMPILER_APPICON_NAME = AppIcon;
				ASSETCATALOG_COMPILER_GLOBAL_ACCENT_COLOR_NAME = AccentColor;
				CODE_SIGN_ENTITLEMENTS = Aisle/Aisle.entitlements;
				CODE_SIGN_IDENTITY = "iPhone Developer";
				CODE_SIGN_STYLE = Automatic;
				DEVELOPMENT_TEAM = 983N58VUTZ;
				GENERATE_INFOPLIST_FILE = NO;
				INFOPLIST_FILE = Aisle/Info.plist;
				LD_RUNPATH_SEARCH_PATHS = (
					"$(inherited)",
					"@executable_path/Frameworks",
				);
				PRODUCT_BUNDLE_IDENTIFIER = app.shopaisle.aisle;
				SDKROOT = iphoneos;
				TARGETED_DEVICE_FAMILY = 1;
			};
			name = Debug;
		};
		7CD6F69267AFDC81D578E389 /* Release */ = {
			isa = XCBuildConfiguration;
			buildSettings = {
				ASSETCATALOG_COMPILER_APPICON_NAME = AppIcon;
				ASSETCATALOG_COMPILER_GLOBAL_ACCENT_COLOR_NAME = AccentColor;
				CODE_SIGN_ENTITLEMENTS = Aisle/Aisle.entitlements;
				CODE_SIGN_IDENTITY = "iPhone Developer";
				CODE_SIGN_STYLE = Automatic;
				DEVELOPMENT_TEAM = 983N58VUTZ;
				GENERATE_INFOPLIST_FILE = NO;
				INFOPLIST_FILE = Aisle/Info.plist;
				LD_RUNPATH_SEARCH_PATHS = (
					"$(inherited)",
					"@executable_path/Frameworks",
				);
				PRODUCT_BUNDLE_IDENTIFIER = app.shopaisle.aisle;
				SDKROOT = iphoneos;
				TARGETED_DEVICE_FAMILY = 1;
			};
			name = Release;
		};
		A062314BCE23E0E028C77376 /* Release */ = {
			isa = XCBuildConfiguration;
			buildSettings = {
				BUNDLE_LOADER = "$(TEST_HOST)";
				GENERATE_INFOPLIST_FILE = YES;
				LD_RUNPATH_SEARCH_PATHS = (
					"$(inherited)",
					"@executable_path/Frameworks",
					"@loader_path/Frameworks",
				);
				PRODUCT_BUNDLE_IDENTIFIER = app.shopaisle.aisleTests;
				SDKROOT = iphoneos;
				TARGETED_DEVICE_FAMILY = "1,2";
				TEST_HOST = "$(BUILT_PRODUCTS_DIR)/Aisle.app/Aisle";
			};
			name = Release;
		};
/* End XCBuildConfiguration section */

/* Begin XCConfigurationList section */
		D3C4784F97EA209A615E7D3E /* Build configuration list for PBXNativeTarget "AisleTests" */ = {
			isa = XCConfigurationList;
			buildConfigurations = (
				0F3B02574C26F04BF0F6EBCF /* Debug */,
				A062314BCE23E0E028C77376 /* Release */,
			);
			defaultConfigurationIsVisible = 0;
			defaultConfigurationName = Debug;
		};
		ED725FCBE5B6C4A71C0AEA8E /* Build configuration list for PBXProject "Aisle" */ = {
			isa = XCConfigurationList;
			buildConfigurations = (
				16E283A345D46C031C491A30 /* Debug */,
				0D4406E792ECE6CD139CFA81 /* Release */,
			);
			defaultConfigurationIsVisible = 0;
			defaultConfigurationName = Debug;
		};
		F3AB02678589FDD52AAEB7D9 /* Build configuration list for PBXNativeTarget "Aisle" */ = {
			isa = XCConfigurationList;
			buildConfigurations = (
				6F474F6DD2C890AE9BEB5F3A /* Debug */,
				7CD6F69267AFDC81D578E389 /* Release */,
			);
			defaultConfigurationIsVisible = 0;
			defaultConfigurationName = Debug;
		};
/* End XCConfigurationList section */
	};
	rootObject = ED0D52D10E16807AA8107B46 /* Project object */;
}
